PODS:
  - Flutter (1.0.0)
  - infobip_mobilemessaging (0.0.1):
    - Flutter
    - MobileMessaging/Core (= 9.2.7)
    - MobileMessaging/Geofencing (= 9.2.7)
    - MobileMessaging/InAppChat (= 9.2.7)
  - MobileMessaging/Core (9.2.7)
  - MobileMessaging/Geofencing (9.2.7):
    - MobileMessaging/Core
  - MobileMessaging/InAppChat (9.2.7):
    - MobileMessaging/Core
  - package_info_plus (0.4.5):
    - Flutter

DEPENDENCIES:
  - Flutter (from `Flutter`)
  - infobip_mobilemessaging (from `.symlinks/plugins/infobip_mobilemessaging/ios`)
  - package_info_plus (from `.symlinks/plugins/package_info_plus/ios`)

SPEC REPOS:
  trunk:
    - MobileMessaging

EXTERNAL SOURCES:
  Flutter:
    :path: Flutter
  infobip_mobilemessaging:
    :path: ".symlinks/plugins/infobip_mobilemessaging/ios"
  package_info_plus:
    :path: ".symlinks/plugins/package_info_plus/ios"

SPEC CHECKSUMS:
  Flutter: 434fef37c0980e73bb6479ef766c45957d4b510c
  infobip_mobilemessaging: 26064e05f2c7b14bc4ed68ca169dce211fd0b2d5
  MobileMessaging: 3594dc506b7fd18ab5e4850782f89d94e5df4b75
  package_info_plus: 6c92f08e1f853dc01228d6f553146438dafcd14e

PODFILE CHECKSUM: fe0e1ee7f3d1f7d00b11b474b62dd62134535aea

COCOAPODS: 1.10.1
