PODS:
  - CocoaLumberjack (3.6.0):
    - CocoaLumberjack/Core (= 3.6.0)
  - CocoaLumberjack/Core (3.6.0)
  - Flutter (1.0.0)
  - infobip_mobilemessaging (0.0.1):
    - Flutter
    - MobileMessaging/Core (= 9.2.10)
    - MobileMessaging/Geofencing (= 9.2.10)
    - MobileMessaging/InAppChat (= 9.2.10)
  - MobileMessaging (9.2.10):
    - MobileMessaging/CocoaLumberjack (= 9.2.10)
  - MobileMessaging/CocoaLumberjack (9.2.10):
    - CocoaLumberjack (= 3.6)
    - MobileMessaging/Core
  - MobileMessaging/Core (9.2.10)
  - MobileMessaging/Geofencing (9.2.10):
    - MobileMessaging/Core
  - MobileMessaging/InAppChat (9.2.10):
    - MobileMessaging/Core
  - package_info_plus (0.4.5):
    - Flutter

DEPENDENCIES:
  - Flutter (from `Flutter`)
  - infobip_mobilemessaging (from `.symlinks/plugins/infobip_mobilemessaging/ios`)
  - MobileMessaging
  - package_info_plus (from `.symlinks/plugins/package_info_plus/ios`)

SPEC REPOS:
  trunk:
    - CocoaLumberjack
    - MobileMessaging

EXTERNAL SOURCES:
  Flutter:
    :path: Flutter
  infobip_mobilemessaging:
    :path: ".symlinks/plugins/infobip_mobilemessaging/ios"
  package_info_plus:
    :path: ".symlinks/plugins/package_info_plus/ios"

SPEC CHECKSUMS:
  CocoaLumberjack: 78b0c238666f4f58db069738ec176f4519557516
  Flutter: 434fef37c0980e73bb6479ef766c45957d4b510c
  infobip_mobilemessaging: 06b68ef87a13f44c8e28eb98a1681108e56500a0
  MobileMessaging: f130ec2523facbb49c9c1b04c62b0a2e3b2b655d
  package_info_plus: 6c92f08e1f853dc01228d6f553146438dafcd14e

PODFILE CHECKSUM: 7c1cfed60f7a053b419fa4b2392d308f9ca04995

COCOAPODS: 1.10.1
